
Microsoft Visual Studio Solution File, Format Version 12.00
# Visual Studio Version 17
VisualStudioVersion = 17.9.34622.214
MinimumVisualStudioVersion = 10.0.40219.1
Project("{FAE04EC0-301F-11D3-BF4B-00C04F79EFBC}") = "EcommerceProject", "EcommerceProject.csproj", "{DC145120-07D9-43BA-842C-611A4D2D6C65}"
EndProject
Global
	GlobalSection(SolutionConfigurationPlatforms) = preSolution
		Debug|Any CPU = Debug|Any CPU
		Release|Any CPU = Release|Any CPU
	EndGlobalSection
	GlobalSection(ProjectConfigurationPlatforms) = postSolution
		{DC145120-07D9-43BA-842C-611A4D2D6C65}.Debug|Any CPU.ActiveCfg = Debug|Any CPU
		{DC145120-07D9-43BA-842C-611A4D2D6C65}.Debug|Any CPU.Build.0 = Debug|Any CPU
		{DC145120-07D9-43BA-842C-611A4D2D6C65}.Release|Any CPU.ActiveCfg = Release|Any CPU
		{DC145120-07D9-43BA-842C-611A4D2D6C65}.Release|Any CPU.Build.0 = Release|Any CPU
	EndGlobalSection
	GlobalSection(SolutionProperties) = preSolution
		HideSolutionNode = FALSE
	EndGlobalSection
	GlobalSection(ExtensibilityGlobals) = postSolution
		SolutionGuid = {835BA8C5-2D6B-4AD6-B006-03813BF4937C}
	EndGlobalSection
EndGlobal
